
Microsoft Visual Studio Solution File, Format Version 12.00
# Visual Studio Version 17
VisualStudioVersion = 17.3.32901.215
MinimumVisualStudioVersion = 10.0.40219.1
Project("{FAE04EC0-301F-11D3-BF4B-00C04F79EFBC}") = "ShootER", "ShootER\ShootER.csproj", "{15411B83-7EAF-40B6-836F-0B391CC471CF}"
EndProject
Global
	GlobalSection(SolutionConfigurationPlatforms) = preSolution
		Debug|Any CPU = Debug|Any CPU
		Release|Any CPU = Release|Any CPU
	EndGlobalSection
	GlobalSection(ProjectConfigurationPlatforms) = postSolution
		{15411B83-7EAF-40B6-836F-0B391CC471CF}.Debug|Any CPU.ActiveCfg = Debug|Any CPU
		{15411B83-7EAF-40B6-836F-0B391CC471CF}.Debug|Any CPU.Build.0 = Debug|Any CPU
		{15411B83-7EAF-40B6-836F-0B391CC471CF}.Release|Any CPU.ActiveCfg = Release|Any CPU
		{15411B83-7EAF-40B6-836F-0B391CC471CF}.Release|Any CPU.Build.0 = Release|Any CPU
	EndGlobalSection
	GlobalSection(SolutionProperties) = preSolution
		HideSolutionNode = FALSE
	EndGlobalSection
	GlobalSection(ExtensibilityGlobals) = postSolution
		SolutionGuid = {5C455012-126B-4DCC-A9A6-26965538DCAE}
	EndGlobalSection
EndGlobal
